{
  "name": "docapp",
  "version": "1.0.0",
  "lockfileVersion": 1,
  "dependencies": {
    "@edgeguideab/requestor": {
      "version": "1.1.2",
      "resolved": "https://registry.npmjs.org/@edgeguideab/requestor/-/requestor-1.1.2.tgz",
      "integrity": "sha1-hKIPP8DSBoW4Q5D12Mdl5BrrCc8="
    }
  }
}
